<?xml version="1.0" encoding="utf-8"?>
<Project ToolsVersion="4.0" xmlns="http://schemas.microsoft.com/developer/msbuild/2003">
  <ItemGroup>
    <Filter Include="源文件">
      <UniqueIdentifier>{4FC737F1-C7A5-4376-A066-2A32D752A2FF}</UniqueIdentifier>
      <Extensions>cpp;c;cc;cxx;c++;cppm;ixx;def;odl;idl;hpj;bat;asm;asmx</Extensions>
    </Filter>
    <Filter Include="头文件">
      <UniqueIdentifier>{93995380-89BD-4b04-88EB-625FBE52EBFB}</UniqueIdentifier>
      <Extensions>h;hh;hpp;hxx;h++;hm;inl;inc;ipp;xsd</Extensions>
    </Filter>
    <Filter Include="资源文件">
      <UniqueIdentifier>{67DA6AB6-F800-4c08-8B7A-83BB121AAD01}</UniqueIdentifier>
      <Extensions>rc;ico;cur;bmp;dlg;rc2;rct;bin;rgs;gif;jpg;jpeg;jpe;resx;tiff;tif;png;wav;mfcribbon-ms</Extensions>
    </Filter>
    <Filter Include="头文件\inc">
      <UniqueIdentifier>{770db60e-5b81-42d8-b810-525603a7adec}</UniqueIdentifier>
    </Filter>
    <Filter Include="源文件\src">
      <UniqueIdentifier>{324b7a15-97a0-4d06-b108-a351bf120cfd}</UniqueIdentifier>
    </Filter>
  </ItemGroup>
  <ItemGroup>
    <ClCompile Include="main.cpp">
      <Filter>源文件</Filter>
    </ClCompile>
    <ClCompile Include="src\1.c">
      <Filter>源文件\src</Filter>
    </ClCompile>
    <ClCompile Include="src\ClassAddress.cpp">
      <Filter>源文件\src</Filter>
    </ClCompile>
    <ClCompile Include="src\CodeTest.cpp">
      <Filter>源文件\src</Filter>
    </ClCompile>
    <ClCompile Include="src\CodeTest2.cpp">
      <Filter>源文件\src</Filter>
    </ClCompile>
    <ClCompile Include="src\CodeTest3.cpp">
      <Filter>源文件\src</Filter>
    </ClCompile>
    <ClCompile Include="src\gitTest.cpp">
      <Filter>源文件\src</Filter>
    </ClCompile>
    <ClCompile Include="src\InterViewTest.cpp">
      <Filter>源文件\src</Filter>
    </ClCompile>
    <ClCompile Include="src\InterViewText2.cpp">
      <Filter>源文件\src</Filter>
    </ClCompile>
    <ClCompile Include="src\MeiTuanCode1.cpp">
      <Filter>源文件\src</Filter>
    </ClCompile>
    <ClCompile Include="src\MeiTuanCode2.cpp">
      <Filter>源文件\src</Filter>
    </ClCompile>
    <ClCompile Include="src\PointerAndArray.cpp">
      <Filter>源文件\src</Filter>
    </ClCompile>
    <ClCompile Include="src\stlTest.cpp">
      <Filter>源文件\src</Filter>
    </ClCompile>
  </ItemGroup>
  <ItemGroup>
    <ClInclude Include="inc\CList.h">
      <Filter>头文件\inc</Filter>
    </ClInclude>
    <ClInclude Include="inc\gitTest.h">
      <Filter>头文件\inc</Filter>
    </ClInclude>
    <ClInclude Include="inc\MyVector.h">
      <Filter>头文件\inc</Filter>
    </ClInclude>
  </ItemGroup>
</Project>